{
  "object": {
    "pins": [
      {
        "package": "GRDB",
        "repositoryURL": "https://github.com/groue/GRDB.swift.git",
        "state": {
          "branch": null,
          "revision": "948e91126a70ae703e5fe600ca3183161009bc4b",
          "version": "5.0.2"
        }
      },
      {
        "package": "SQLite.swift",
        "repositoryURL": "https://github.com/stephencelis/SQLite.swift.git",
        "state": {
          "branch": null,
          "revision": "0a9893ec030501a3956bee572d6b4fdd3ae158a1",
          "version": "0.12.2"
        }
      },
      {
        "package": "SnapshotTesting",
        "repositoryURL": "https://github.com/pointfreeco/swift-snapshot-testing",
        "state": {
          "branch": null,
          "revision": "c466812aa2e22898f27557e2e780d3aad7a27203",
          "version": "1.8.2"
        }
      }
    ]
  },
  "version": 1
}
